{
  "name": "multi-agent-system",
  "lockfileVersion": 3,
  "requires": true,
  "packages": {
    "": {
      "dependencies": {
        "argus-xdrs-governance": "^1.0.1"
      }
    },
    "node_modules/argparse": {
      "version": "2.0.1",
      "resolved": "https://registry.npmjs.org/argparse/-/argparse-2.0.1.tgz",
      "integrity": "sha512-8+9WqebbFzpX9OR+Wa6O29asIogeRMzcGtAINdpMHHyAg10f05aSFVBbcEqGf/PXw1EjAZ+q2/bEBg3DvurK3Q==",
      "license": "Python-2.0"
    },
    "node_modules/argus-xdrs-governance": {
      "version": "1.6.1",
      "resolved": "https://registry.npmjs.org/argus-xdrs-governance/-/argus-xdrs-governance-1.6.1.tgz",
      "integrity": "sha512-rQAgZKUHNMU/qMEpbZeC4kldT4Y9o/TTaM+Yx29o4yziGgbZaihtRLHsQHNxw/x1aUQZpZUImBK0UacHFzr8Dg==",
      "license": "MIT",
      "dependencies": {
        "filedist": "^0.35.0",
        "xdrs-core": "^0.28.4"
      },
      "bin": {
        "argus-xdrs-governance": "bin/filedist.js"
      }
    },
    "node_modules/balanced-match": {
      "version": "4.0.4",
      "resolved": "https://registry.npmjs.org/balanced-match/-/balanced-match-4.0.4.tgz",
      "integrity": "sha512-BLrgEcRTwX2o6gGxGOCNyMvGSp35YofuYzw9h1IMTRmKqttAZZVU67bdb9Pr2vUHA8+j3i2tJfjO6C6+4myGTA==",
      "license": "MIT",
      "engines": {
        "node": "18 || 20 || >=22"
      }
    },
    "node_modules/brace-expansion": {
      "version": "5.0.6",
      "resolved": "https://registry.npmjs.org/brace-expansion/-/brace-expansion-5.0.6.tgz",
      "integrity": "sha512-kLpxurY4Z4r9sgMsyG0Z9uzsBlgiU/EFKhj/h91/8yHu0edo7XuixOIH3VcJ8kkxs6/jPzoI6U9Vj3WqbMQ94g==",
      "license": "MIT",
      "dependencies": {
        "balanced-match": "^4.0.2"
      },
      "engines": {
        "node": "18 || 20 || >=22"
      }
    },
    "node_modules/filedist": {
      "version": "0.35.1",
      "resolved": "https://registry.npmjs.org/filedist/-/filedist-0.35.1.tgz",
      "integrity": "sha512-UPRXevG6lMgkPPFWknC9ZEaMB+YS096F2SAGjlTbNEF6hlbSraEivVRAGjS6OSecxWfvkdIl+/RSFiq9Y5nWDw==",
      "license": "MIT",
      "dependencies": {
        "ignore": "^7.0.5",
        "js-yaml": "^4.1.1",
        "minimatch": "^10.2.2",
        "mypkg": "^1.0.0",
        "package-manager-detector": "^1.6.0",
        "semver": "^7.7.4"
      },
      "bin": {
        "filedist": "dist/cli/bin.js"
      }
    },
    "node_modules/ignore": {
      "version": "7.0.5",
      "resolved": "https://registry.npmjs.org/ignore/-/ignore-7.0.5.tgz",
      "integrity": "sha512-Hs59xBNfUIunMFgWAbGX5cq6893IbWg4KnrjbYwX3tx0ztorVgTDA6B2sxf8ejHJ4wz8BqGUMYlnzNBer5NvGg==",
      "license": "MIT",
      "engines": {
        "node": ">= 4"
      }
    },
    "node_modules/js-yaml": {
      "version": "4.2.0",
      "resolved": "https://registry.npmjs.org/js-yaml/-/js-yaml-4.2.0.tgz",
      "integrity": "sha512-ePWsvanv0DWuDRsW8dnt+R4jQ31SCRCQ7hhNcPXZPsoBZiemuZNYGf7adZdqX2D86j6rvKp3RpCxVTSb8WQlOw==",
      "funding": [
        {
          "type": "github",
          "url": "https://github.com/sponsors/puzrin"
        },
        {
          "type": "github",
          "url": "https://github.com/sponsors/nodeca"
        }
      ],
      "license": "MIT",
      "dependencies": {
        "argparse": "^2.0.1"
      },
      "bin": {
        "js-yaml": "bin/js-yaml.js"
      }
    },
    "node_modules/minimatch": {
      "version": "10.2.5",
      "resolved": "https://registry.npmjs.org/minimatch/-/minimatch-10.2.5.tgz",
      "integrity": "sha512-MULkVLfKGYDFYejP07QOurDLLQpcjk7Fw+7jXS2R2czRQzR56yHRveU5NDJEOviH+hETZKSkIk5c+T23GjFUMg==",
      "license": "BlueOak-1.0.0",
      "dependencies": {
        "brace-expansion": "^5.0.5"
      },
      "engines": {
        "node": "18 || 20 || >=22"
      },
      "funding": {
        "url": "https://github.com/sponsors/isaacs"
      }
    },
    "node_modules/mypkg": {
      "version": "1.0.0",
      "resolved": "https://registry.npmjs.org/mypkg/-/mypkg-1.0.0.tgz",
      "integrity": "sha512-bUYxZK4prscFYS4f1NYXcZ+TJBjsx+BSdMA+7F3gXGdBRHCDBdVZS5vIlnEWzYuL2jeVNyJZWlFfTmLZMEOh8g==",
      "license": "BSD"
    },
    "node_modules/package-manager-detector": {
      "version": "1.6.0",
      "resolved": "https://registry.npmjs.org/package-manager-detector/-/package-manager-detector-1.6.0.tgz",
      "integrity": "sha512-61A5ThoTiDG/C8s8UMZwSorAGwMJ0ERVGj2OjoW5pAalsNOg15+iQiPzrLJ4jhZ1HJzmC2PIHT2oEiH3R5fzNA==",
      "license": "MIT"
    },
    "node_modules/semver": {
      "version": "7.8.4",
      "resolved": "https://registry.npmjs.org/semver/-/semver-7.8.4.tgz",
      "integrity": "sha512-rUCObTnP32Q08R2uuIrt7r9PlEonuTmtuXYcW6s5kjdlj3xbnwe+21yXptAUYcMAABLkYYTtnmzb3w3EDZfueA==",
      "license": "ISC",
      "bin": {
        "semver": "bin/semver.js"
      },
      "engines": {
        "node": ">=10"
      }
    },
    "node_modules/xdrs-core": {
      "version": "0.28.4",
      "resolved": "https://registry.npmjs.org/xdrs-core/-/xdrs-core-0.28.4.tgz",
      "integrity": "sha512-HAGuOAJ9NOZmv6j6ChO+LdYoEstDSmrP6eEM3Ef5Uow1L8/agolvqGnb5l4ZBDOpdoaWFKp+FphM1OSusH+Obw==",
      "license": "MIT",
      "dependencies": {
        "filedist": "^0.35.0",
        "ignore": "^7.0.5",
        "minimatch": "^10.2.5"
      },
      "bin": {
        "xdrs-core": "bin/core.js"
      }
    }
  }
}
